
Microsoft Visual Studio Solution File, Format Version 12.00
# Visual Studio Version 16
VisualStudioVersion = 16.0.31112.23
MinimumVisualStudioVersion = 10.0.40219.1
Project("{8BC9CEB8-8B4A-11D0-8D11-00A0C91BC942}") = "test 8.14.1", "test 8.14.1.vcxproj", "{8C1DB35B-0EE3-44F4-AC7A-4F85169833AD}"
EndProject
Global
	GlobalSection(SolutionConfigurationPlatforms) = preSolution
		Debug|x64 = Debug|x64
		Debug|x86 = Debug|x86
		Release|x64 = Release|x64
		Release|x86 = Release|x86
	EndGlobalSection
	GlobalSection(ProjectConfigurationPlatforms) = postSolution
		{8C1DB35B-0EE3-44F4-AC7A-4F85169833AD}.Debug|x64.ActiveCfg = Debug|x64
		{8C1DB35B-0EE3-44F4-AC7A-4F85169833AD}.Debug|x64.Build.0 = Debug|x64
		{8C1DB35B-0EE3-44F4-AC7A-4F85169833AD}.Debug|x86.ActiveCfg = Debug|Win32
		{8C1DB35B-0EE3-44F4-AC7A-4F85169833AD}.Debug|x86.Build.0 = Debug|Win32
		{8C1DB35B-0EE3-44F4-AC7A-4F85169833AD}.Release|x64.ActiveCfg = Release|x64
		{8C1DB35B-0EE3-44F4-AC7A-4F85169833AD}.Release|x64.Build.0 = Release|x64
		{8C1DB35B-0EE3-44F4-AC7A-4F85169833AD}.Release|x86.ActiveCfg = Release|Win32
		{8C1DB35B-0EE3-44F4-AC7A-4F85169833AD}.Release|x86.Build.0 = Release|Win32
	EndGlobalSection
	GlobalSection(SolutionProperties) = preSolution
		HideSolutionNode = FALSE
	EndGlobalSection
	GlobalSection(ExtensibilityGlobals) = postSolution
		SolutionGuid = {28FC613D-6734-40A8-9FCB-9FE5F025F6B8}
	EndGlobalSection
EndGlobal
