
Microsoft Visual Studio Solution File, Format Version 12.00
# Visual Studio 2013
VisualStudioVersion = 12.0.21005.1
MinimumVisualStudioVersion = 10.0.40219.1
Project("{8BC9CEB8-8B4A-11D0-8D11-00A0C91BC942}") = "BSTerr", "BSTerr\BSTerr.vcxproj", "{24823337-8539-47DE-A918-A629683F8FF7}"
EndProject
Global
	GlobalSection(SolutionConfigurationPlatforms) = preSolution
		Debug|Win32 = Debug|Win32
		Release|Win32 = Release|Win32
	EndGlobalSection
	GlobalSection(ProjectConfigurationPlatforms) = postSolution
		{24823337-8539-47DE-A918-A629683F8FF7}.Debug|Win32.ActiveCfg = Debug|Win32
		{24823337-8539-47DE-A918-A629683F8FF7}.Debug|Win32.Build.0 = Debug|Win32
		{24823337-8539-47DE-A918-A629683F8FF7}.Release|Win32.ActiveCfg = Release|Win32
		{24823337-8539-47DE-A918-A629683F8FF7}.Release|Win32.Build.0 = Release|Win32
	EndGlobalSection
	GlobalSection(SolutionProperties) = preSolution
		HideSolutionNode = FALSE
	EndGlobalSection
EndGlobal
