
Microsoft Visual Studio Solution File, Format Version 12.00
# Visual Studio Version 16
VisualStudioVersion = 16.0.31613.86
MinimumVisualStudioVersion = 10.0.40219.1
Project("{8BC9CEB8-8B4A-11D0-8D11-00A0C91BC942}") = "test_07_26", "test_07_26.vcxproj", "{32A69E84-2AD6-4737-B5C3-5A8B0786199F}"
EndProject
Global
	GlobalSection(SolutionConfigurationPlatforms) = preSolution
		Debug|x64 = Debug|x64
		Debug|x86 = Debug|x86
		Release|x64 = Release|x64
		Release|x86 = Release|x86
	EndGlobalSection
	GlobalSection(ProjectConfigurationPlatforms) = postSolution
		{32A69E84-2AD6-4737-B5C3-5A8B0786199F}.Debug|x64.ActiveCfg = Debug|x64
		{32A69E84-2AD6-4737-B5C3-5A8B0786199F}.Debug|x64.Build.0 = Debug|x64
		{32A69E84-2AD6-4737-B5C3-5A8B0786199F}.Debug|x86.ActiveCfg = Debug|Win32
		{32A69E84-2AD6-4737-B5C3-5A8B0786199F}.Debug|x86.Build.0 = Debug|Win32
		{32A69E84-2AD6-4737-B5C3-5A8B0786199F}.Release|x64.ActiveCfg = Release|x64
		{32A69E84-2AD6-4737-B5C3-5A8B0786199F}.Release|x64.Build.0 = Release|x64
		{32A69E84-2AD6-4737-B5C3-5A8B0786199F}.Release|x86.ActiveCfg = Release|Win32
		{32A69E84-2AD6-4737-B5C3-5A8B0786199F}.Release|x86.Build.0 = Release|Win32
	EndGlobalSection
	GlobalSection(SolutionProperties) = preSolution
		HideSolutionNode = FALSE
	EndGlobalSection
	GlobalSection(ExtensibilityGlobals) = postSolution
		SolutionGuid = {85738C4F-3AD3-45BB-AA52-131445016150}
	EndGlobalSection
EndGlobal
