
Microsoft Visual Studio Solution File, Format Version 12.00
# Visual Studio Version 16
VisualStudioVersion = 16.0.31112.23
MinimumVisualStudioVersion = 10.0.40219.1
Project("{8BC9CEB8-8B4A-11D0-8D11-00A0C91BC942}") = "TEST 7.30", "TEST 7.30.vcxproj", "{8991A6EB-61A1-4FC9-BCA5-53A54EEBF20E}"
EndProject
Global
	GlobalSection(SolutionConfigurationPlatforms) = preSolution
		Debug|x64 = Debug|x64
		Debug|x86 = Debug|x86
		Release|x64 = Release|x64
		Release|x86 = Release|x86
	EndGlobalSection
	GlobalSection(ProjectConfigurationPlatforms) = postSolution
		{8991A6EB-61A1-4FC9-BCA5-53A54EEBF20E}.Debug|x64.ActiveCfg = Debug|x64
		{8991A6EB-61A1-4FC9-BCA5-53A54EEBF20E}.Debug|x64.Build.0 = Debug|x64
		{8991A6EB-61A1-4FC9-BCA5-53A54EEBF20E}.Debug|x86.ActiveCfg = Debug|Win32
		{8991A6EB-61A1-4FC9-BCA5-53A54EEBF20E}.Debug|x86.Build.0 = Debug|Win32
		{8991A6EB-61A1-4FC9-BCA5-53A54EEBF20E}.Release|x64.ActiveCfg = Release|x64
		{8991A6EB-61A1-4FC9-BCA5-53A54EEBF20E}.Release|x64.Build.0 = Release|x64
		{8991A6EB-61A1-4FC9-BCA5-53A54EEBF20E}.Release|x86.ActiveCfg = Release|Win32
		{8991A6EB-61A1-4FC9-BCA5-53A54EEBF20E}.Release|x86.Build.0 = Release|Win32
	EndGlobalSection
	GlobalSection(SolutionProperties) = preSolution
		HideSolutionNode = FALSE
	EndGlobalSection
	GlobalSection(ExtensibilityGlobals) = postSolution
		SolutionGuid = {AC5AD3F2-BF27-446A-867B-61BE1D33AEF0}
	EndGlobalSection
EndGlobal
