
Microsoft Visual Studio Solution File, Format Version 12.00
# Visual Studio Version 16
VisualStudioVersion = 16.0.31613.86
MinimumVisualStudioVersion = 10.0.40219.1
Project("{8BC9CEB8-8B4A-11D0-8D11-00A0C91BC942}") = "test_03_19", "test_03_19.vcxproj", "{5E6B91B3-7DA8-45C8-AD85-62F6E146D237}"
EndProject
Global
	GlobalSection(SolutionConfigurationPlatforms) = preSolution
		Debug|x64 = Debug|x64
		Debug|x86 = Debug|x86
		Release|x64 = Release|x64
		Release|x86 = Release|x86
	EndGlobalSection
	GlobalSection(ProjectConfigurationPlatforms) = postSolution
		{5E6B91B3-7DA8-45C8-AD85-62F6E146D237}.Debug|x64.ActiveCfg = Debug|x64
		{5E6B91B3-7DA8-45C8-AD85-62F6E146D237}.Debug|x64.Build.0 = Debug|x64
		{5E6B91B3-7DA8-45C8-AD85-62F6E146D237}.Debug|x86.ActiveCfg = Debug|Win32
		{5E6B91B3-7DA8-45C8-AD85-62F6E146D237}.Debug|x86.Build.0 = Debug|Win32
		{5E6B91B3-7DA8-45C8-AD85-62F6E146D237}.Release|x64.ActiveCfg = Release|x64
		{5E6B91B3-7DA8-45C8-AD85-62F6E146D237}.Release|x64.Build.0 = Release|x64
		{5E6B91B3-7DA8-45C8-AD85-62F6E146D237}.Release|x86.ActiveCfg = Release|Win32
		{5E6B91B3-7DA8-45C8-AD85-62F6E146D237}.Release|x86.Build.0 = Release|Win32
	EndGlobalSection
	GlobalSection(SolutionProperties) = preSolution
		HideSolutionNode = FALSE
	EndGlobalSection
	GlobalSection(ExtensibilityGlobals) = postSolution
		SolutionGuid = {6D417BEF-E3AF-4500-B2B3-63D75454A202}
	EndGlobalSection
EndGlobal
